// !$*UTF8*$!
{
	archiveVersion = 1;
	classes = {
	};
	objectVersion = 55;
	objects = {

/* Begin PBXBuildFile section */
		755F7A7E28C315E70079B688 /* AppDelegate.swift in Sources */ = {isa = PBXBuildFile; fileRef = 755F7A7D28C315E70079B688 /* AppDelegate.swift */; };
		755F7A8028C315E70079B688 /* SceneDelegate.swift in Sources */ = {isa = PBXBuildFile; fileRef = 755F7A7F28C315E70079B688 /* SceneDelegate.swift */; };
		755F7A8228C315E70079B688 /* ViewController.swift in Sources */ = {isa = PBXBuildFile; fileRef = 755F7A8128C315E70079B688 /* ViewController.swift */; };
		755F7A8528C315E70079B688 /* Main.storyboard in Resources */ = {isa = PBXBuildFile; fileRef = 755F7A8328C315E70079B688 /* Main.storyboard */; };
		755F7A8728C315E90079B688 /* Assets.xcassets in Resources */ = {isa = PBXBuildFile; fileRef = 755F7A8628C315E90079B688 /* Assets.xcassets */; };
		755F7A8A28C315E90079B688 /* LaunchScreen.storyboard in Resources */ = {isa = PBXBuildFile; fileRef = 755F7A8828C315E90079B688 /* LaunchScreen.storyboard */; };
		755F7A9528C315EA0079B688 /* MovaTests.swift in Sources */ = {isa = PBXBuildFile; fileRef = 755F7A9428C315EA0079B688 /* MovaTests.swift */; };
		755F7A9F28C315EA0079B688 /* MovaUITests.swift in Sources */ = {isa = PBXBuildFile; fileRef = 755F7A9E28C315EA0079B688 /* MovaUITests.swift */; };
		755F7AA128C315EA0079B688 /* MovaUITestsLaunchTests.swift in Sources */ = {isa = PBXBuildFile; fileRef = 755F7AA028C315EA0079B688 /* MovaUITestsLaunchTests.swift */; };
/* End PBXBuildFile section */

/* Begin PBXContainerItemProxy section */
		755F7A9128C315EA0079B688 /* PBXContainerItemProxy */ = {
			isa = PBXContainerItemProxy;
			containerPortal = 755F7A7228C315E70079B688 /* Project object */;
			proxyType = 1;
			remoteGlobalIDString = 755F7A7928C315E70079B688;
			remoteInfo = Mova;
		};
		755F7A9B28C315EA0079B688 /* PBXContainerItemProxy */ = {
			isa = PBXContainerItemProxy;
			containerPortal = 755F7A7228C315E70079B688 /* Project object */;
			proxyType = 1;
			remoteGlobalIDString = 755F7A7928C315E70079B688;
			remoteInfo = Mova;
		};
/* End PBXContainerItemProxy section */

/* Begin PBXFileReference section */
		755F7A7A28C315E70079B688 /* Mova.app */ = {isa = PBXFileReference; explicitFileType = wrapper.application; includeInIndex = 0; path = Mova.app; sourceTree = BUILT_PRODUCTS_DIR; };
		755F7A7D28C315E70079B688 /* AppDelegate.swift */ = {isa = PBXFileReference; lastKnownFileType = sourcecode.swift; path = AppDelegate.swift; sourceTree = "<group>"; };
		755F7A7F28C315E70079B688 /* SceneDelegate.swift */ = {isa = PBXFileReference; lastKnownFileType = sourcecode.swift; path = SceneDelegate.swift; sourceTree = "<group>"; };
		755F7A8128C315E70079B688 /* ViewController.swift */ = {isa = PBXFileReference; lastKnownFileType = sourcecode.swift; path = ViewController.swift; sourceTree = "<group>"; };
		755F7A8428C315E70079B688 /* Base */ = {isa = PBXFileReference; lastKnownFileType = file.storyboard; name = Base; path = Base.lproj/Main.storyboard; sourceTree = "<group>"; };
		755F7A8628C315E90079B688 /* Assets.xcassets */ = {isa = PBXFileReference; lastKnownFileType = folder.assetcatalog; path = Assets.xcassets; sourceTree = "<group>"; };
		755F7A8928C315E90079B688 /* Base */ = {isa = PBXFileReference; lastKnownFileType = file.storyboard; name = Base; path = Base.lproj/LaunchScreen.storyboard; sourceTree = "<group>"; };
		755F7A8B28C315E90079B688 /* Info.plist */ = {isa = PBXFileReference; lastKnownFileType = text.plist.xml; path = Info.plist; sourceTree = "<group>"; };
		755F7A9028C315EA0079B688 /* MovaTests.xctest */ = {isa = PBXFileReference; explicitFileType = wrapper.cfbundle; includeInIndex = 0; path = MovaTests.xctest; sourceTree = BUILT_PRODUCTS_DIR; };
		755F7A9428C315EA0079B688 /* MovaTests.swift */ = {isa = PBXFileReference; lastKnownFileType = sourcecode.swift; path = MovaTests.swift; sourceTree = "<group>"; };
		755F7A9A28C315EA0079B688 /* MovaUITests.xctest */ = {isa = PBXFileReference; explicitFileType = wrapper.cfbundle; includeInIndex = 0; path = MovaUITests.xctest; sourceTree = BUILT_PRODUCTS_DIR; };
		755F7A9E28C315EA0079B688 /* MovaUITests.swift */ = {isa = PBXFileReference; lastKnownFileType = sourcecode.swift; path = MovaUITests.swift; sourceTree = "<group>"; };
		755F7AA028C315EA0079B688 /* MovaUITestsLaunchTests.swift */ = {isa = PBXFileReference; lastKnownFileType = sourcecode.swift; path = MovaUITestsLaunchTests.swift; sourceTree = "<group>"; };
/* End PBXFileReference section */

/* Begin PBXFrameworksBuildPhase section */
		755F7A7728C315E70079B688 /* Frameworks */ = {
			isa = PBXFrameworksBuildPhase;
			buildActionMask = 2147483647;
			files = (
			);
			runOnlyForDeploymentPostprocessing = 0;
		};
		755F7A8D28C315EA0079B688 /* Frameworks */ = {
			isa = PBXFrameworksBuildPhase;
			buildActionMask = 2147483647;
			files = (
			);
			runOnlyForDeploymentPostprocessing = 0;
		};
		755F7A9728C315EA0079B688 /* Frameworks */ = {
			isa = PBXFrameworksBuildPhase;
			buildActionMask = 2147483647;
			files = (
			);
			runOnlyForDeploymentPostprocessing = 0;
		};
/* End PBXFrameworksBuildPhase section */

/* Begin PBXGroup section */
		755F7A7128C315E70079B688 = {
			isa = PBXGroup;
			children = (
				755F7A7C28C315E70079B688 /* Mova */,
				755F7A9328C315EA0079B688 /* MovaTests */,
				755F7A9D28C315EA0079B688 /* MovaUITests */,
				755F7A7B28C315E70079B688 /* Products */,
			);
			sourceTree = "<group>";
		};
		755F7A7B28C315E70079B688 /* Products */ = {
			isa = PBXGroup;
			children = (
				755F7A7A28C315E70079B688 /* Mova.app */,
				755F7A9028C315EA0079B688 /* MovaTests.xctest */,
				755F7A9A28C315EA0079B688 /* MovaUITests.xctest */,
			);
			name = Products;
			sourceTree = "<group>";
		};
		755F7A7C28C315E70079B688 /* Mova */ = {
			isa = PBXGroup;
			children = (
				755F7A7D28C315E70079B688 /* AppDelegate.swift */,
				755F7A7F28C315E70079B688 /* SceneDelegate.swift */,
				755F7A8128C315E70079B688 /* ViewController.swift */,
				755F7A8328C315E70079B688 /* Main.storyboard */,
				755F7A8628C315E90079B688 /* Assets.xcassets */,
				755F7A8828C315E90079B688 /* LaunchScreen.storyboard */,
				755F7A8B28C315E90079B688 /* Info.plist */,
			);
			path = Mova;
			sourceTree = "<group>";
		};
		755F7A9328C315EA0079B688 /* MovaTests */ = {
			isa = PBXGroup;
			children = (
				755F7A9428C315EA0079B688 /* MovaTests.swift */,
			);
			path = MovaTests;
			sourceTree = "<group>";
		};
		755F7A9D28C315EA0079B688 /* MovaUITests */ = {
			isa = PBXGroup;
			children = (
				755F7A9E28C315EA0079B688 /* MovaUITests.swift */,
				755F7AA028C315EA0079B688 /* MovaUITestsLaunchTests.swift */,
			);
			path = MovaUITests;
			sourceTree = "<group>";
		};
/* End PBXGroup section */

/* Begin PBXNativeTarget section */
		755F7A7928C315E70079B688 /* Mova */ = {
			isa = PBXNativeTarget;
			buildConfigurationList = 755F7AA428C315EA0079B688 /* Build configuration list for PBXNativeTarget "Mova" */;
			buildPhases = (
				755F7A7628C315E70079B688 /* Sources */,
				755F7A7728C315E70079B688 /* Frameworks */,
				755F7A7828C315E70079B688 /* Resources */,
			);
			buildRules = (
			);
			dependencies = (
			);
			name = Mova;
			productName = Mova;
			productReference = 755F7A7A28C315E70079B688 /* Mova.app */;
			productType = "com.apple.product-type.application";
		};
		755F7A8F28C315EA0079B688 /* MovaTests */ = {
			isa = PBXNativeTarget;
			buildConfigurationList = 755F7AA728C315EA0079B688 /* Build configuration list for PBXNativeTarget "MovaTests" */;
			buildPhases = (
				755F7A8C28C315EA0079B688 /* Sources */,
				755F7A8D28C315EA0079B688 /* Frameworks */,
				755F7A8E28C315EA0079B688 /* Resources */,
			);
			buildRules = (
			);
			dependencies = (
				755F7A9228C315EA0079B688 /* PBXTargetDependency */,
			);
			name = MovaTests;
			productName = MovaTests;
			productReference = 755F7A9028C315EA0079B688 /* MovaTests.xctest */;
			productType = "com.apple.product-type.bundle.unit-test";
		};
		755F7A9928C315EA0079B688 /* MovaUITests */ = {
			isa = PBXNativeTarget;
			buildConfigurationList = 755F7AAA28C315EA0079B688 /* Build configuration list for PBXNativeTarget "MovaUITests" */;
			buildPhases = (
				755F7A9628C315EA0079B688 /* Sources */,
				755F7A9728C315EA0079B688 /* Frameworks */,
				755F7A9828C315EA0079B688 /* Resources */,
			);
			buildRules = (
			);
			dependencies = (
				755F7A9C28C315EA0079B688 /* PBXTargetDependency */,
			);
			name = MovaUITests;
			productName = MovaUITests;
			productReference = 755F7A9A28C315EA0079B688 /* MovaUITests.xctest */;
			productType = "com.apple.product-type.bundle.ui-testing";
		};
/* End PBXNativeTarget section */

/* Begin PBXProject section */
		755F7A7228C315E70079B688 /* Project object */ = {
			isa = PBXProject;
			attributes = {
				BuildIndependentTargetsInParallel = 1;
				LastSwiftUpdateCheck = 1340;
				LastUpgradeCheck = 1340;
				TargetAttributes = {
					755F7A7928C315E70079B688 = {
						CreatedOnToolsVersion = 13.4.1;
					};
					755F7A8F28C315EA0079B688 = {
						CreatedOnToolsVersion = 13.4.1;
						TestTargetID = 755F7A7928C315E70079B688;
					};
					755F7A9928C315EA0079B688 = {
						CreatedOnToolsVersion = 13.4.1;
						TestTargetID = 755F7A7928C315E70079B688;
					};
				};
			};
			buildConfigurationList = 755F7A7528C315E70079B688 /* Build configuration list for PBXProject "Mova" */;
			compatibilityVersion = "Xcode 13.0";
			developmentRegion = en;
			hasScannedForEncodings = 0;
			knownRegions = (
				en,
				Base,
			);
			mainGroup = 755F7A7128C315E70079B688;
			productRefGroup = 755F7A7B28C315E70079B688 /* Products */;
			projectDirPath = "";
			projectRoot = "";
			targets = (
				755F7A7928C315E70079B688 /* Mova */,
				755F7A8F28C315EA0079B688 /* MovaTests */,
				755F7A9928C315EA0079B688 /* MovaUITests */,
			);
		};
/* End PBXProject section */

/* Begin PBXResourcesBuildPhase section */
		755F7A7828C315E70079B688 /* Resources */ = {
			isa = PBXResourcesBuildPhase;
			buildActionMask = 2147483647;
			files = (
				755F7A8A28C315E90079B688 /* LaunchScreen.storyboard in Resources */,
				755F7A8728C315E90079B688 /* Assets.xcassets in Resources */,
				755F7A8528C315E70079B688 /* Main.storyboard in Resources */,
			);
			runOnlyForDeploymentPostprocessing = 0;
		};
		755F7A8E28C315EA0079B688 /* Resources */ = {
			isa = PBXResourcesBuildPhase;
			buildActionMask = 2147483647;
			files = (
			);
			runOnlyForDeploymentPostprocessing = 0;
		};
		755F7A9828C315EA0079B688 /* Resources */ = {
			isa = PBXResourcesBuildPhase;
			buildActionMask = 2147483647;
			files = (
			);
			runOnlyForDeploymentPostprocessing = 0;
		};
/* End PBXResourcesBuildPhase section */

/* Begin PBXSourcesBuildPhase section */
		755F7A7628C315E70079B688 /* Sources */ = {
			isa = PBXSourcesBuildPhase;
			buildActionMask = 2147483647;
			files = (
				755F7A8228C315E70079B688 /* ViewController.swift in Sources */,
				755F7A7E28C315E70079B688 /* AppDelegate.swift in Sources */,
				755F7A8028C315E70079B688 /* SceneDelegate.swift in Sources */,
			);
			runOnlyForDeploymentPostprocessing = 0;
		};
		755F7A8C28C315EA0079B688 /* Sources */ = {
			isa = PBXSourcesBuildPhase;
			buildActionMask = 2147483647;
			files = (
				755F7A9528C315EA0079B688 /* MovaTests.swift in Sources */,
			);
			runOnlyForDeploymentPostprocessing = 0;
		};
		755F7A9628C315EA0079B688 /* Sources */ = {
			isa = PBXSourcesBuildPhase;
			buildActionMask = 2147483647;
			files = (
				755F7A9F28C315EA0079B688 /* MovaUITests.swift in Sources */,
				755F7AA128C315EA0079B688 /* MovaUITestsLaunchTests.swift in Sources */,
			);
			runOnlyForDeploymentPostprocessing = 0;
		};
/* End PBXSourcesBuildPhase section */

/* Begin PBXTargetDependency section */
		755F7A9228C315EA0079B688 /* PBXTargetDependency */ = {
			isa = PBXTargetDependency;
			target = 755F7A7928C315E70079B688 /* Mova */;
			targetProxy = 755F7A9128C315EA0079B688 /* PBXContainerItemProxy */;
		};
		755F7A9C28C315EA0079B688 /* PBXTargetDependency */ = {
			isa = PBXTargetDependency;
			target = 755F7A7928C315E70079B688 /* Mova */;
			targetProxy = 755F7A9B28C315EA0079B688 /* PBXContainerItemProxy */;
		};
/* End PBXTargetDependency section */

/* Begin PBXVariantGroup section */
		755F7A8328C315E70079B688 /* Main.storyboard */ = {
			isa = PBXVariantGroup;
			children = (
				755F7A8428C315E70079B688 /* Base */,
			);
			name = Main.storyboard;
			sourceTree = "<group>";
		};
		755F7A8828C315E90079B688 /* LaunchScreen.storyboard */ = {
			isa = PBXVariantGroup;
			children = (
				755F7A8928C315E90079B688 /* Base */,
			);
			name = LaunchScreen.storyboard;
			sourceTree = "<group>";
		};
/* End PBXVariantGroup section */

/* Begin XCBuildConfiguration section */
		755F7AA228C315EA0079B688 /* Debug */ = {
			isa = XCBuildConfiguration;
			buildSettings = {
				ALWAYS_SEARCH_USER_PATHS = NO;
				CLANG_ANALYZER_NONNULL = YES;
				CLANG_ANALYZER_NUMBER_OBJECT_CONVERSION = YES_AGGRESSIVE;
				CLANG_CXX_LANGUAGE_STANDARD = "gnu++17";
				CLANG_ENABLE_MODULES = YES;
				CLANG_ENABLE_OBJC_ARC = YES;
				CLANG_ENABLE_OBJC_WEAK = YES;
				CLANG_WARN_BLOCK_CAPTURE_AUTORELEASING = YES;
				CLANG_WARN_BOOL_CONVERSION = YES;
				CLANG_WARN_COMMA = YES;
				CLANG_WARN_CONSTANT_CONVERSION = YES;
				CLANG_WARN_DEPRECATED_OBJC_IMPLEMENTATIONS = YES;
				CLANG_WARN_DIRECT_OBJC_ISA_USAGE = YES_ERROR;
				CLANG_WARN_DOCUMENTATION_COMMENTS = YES;
				CLANG_WARN_EMPTY_BODY = YES;
				CLANG_WARN_ENUM_CONVERSION = YES;
				CLANG_WARN_INFINITE_RECURSION = YES;
				CLANG_WARN_INT_CONVERSION = YES;
				CLANG_WARN_NON_LITERAL_NULL_CONVERSION = YES;
				CLANG_WARN_OBJC_IMPLICIT_RETAIN_SELF = YES;
				CLANG_WARN_OBJC_LITERAL_CONVERSION = YES;
				CLANG_WARN_OBJC_ROOT_CLASS = YES_ERROR;
				CLANG_WARN_QUOTED_INCLUDE_IN_FRAMEWORK_HEADER = YES;
				CLANG_WARN_RANGE_LOOP_ANALYSIS = YES;
				CLANG_WARN_STRICT_PROTOTYPES = YES;
				CLANG_WARN_SUSPICIOUS_MOVE = YES;
				CLANG_WARN_UNGUARDED_AVAILABILITY = YES_AGGRESSIVE;
				CLANG_WARN_UNREACHABLE_CODE = YES;
				CLANG_WARN__DUPLICATE_METHOD_MATCH = YES;
				COPY_PHASE_STRIP = NO;
				DEBUG_INFORMATION_FORMAT = dwarf;
				ENABLE_STRICT_OBJC_MSGSEND = YES;
				ENABLE_TESTABILITY = YES;
				GCC_C_LANGUAGE_STANDARD = gnu11;
				GCC_DYNAMIC_NO_PIC = NO;
				GCC_NO_COMMON_BLOCKS = YES;
				GCC_OPTIMIZATION_LEVEL = 0;
				GCC_PREPROCESSOR_DEFINITIONS = (
					"DEBUG=1",
					"$(inherited)",
				);
				GCC_WARN_64_TO_32_BIT_CONVERSION = YES;
				GCC_WARN_ABOUT_RETURN_TYPE = YES_ERROR;
				GCC_WARN_UNDECLARED_SELECTOR = YES;
				GCC_WARN_UNINITIALIZED_AUTOS = YES_AGGRESSIVE;
				GCC_WARN_UNUSED_FUNCTION = YES;
				GCC_WARN_UNUSED_VARIABLE = YES;
				IPHONEOS_DEPLOYMENT_TARGET = 15.5;
				MTL_ENABLE_DEBUG_INFO = INCLUDE_SOURCE;
				MTL_FAST_MATH = YES;
				ONLY_ACTIVE_ARCH = YES;
				SDKROOT = iphoneos;
				SWIFT_ACTIVE_COMPILATION_CONDITIONS = DEBUG;
				SWIFT_OPTIMIZATION_LEVEL = "-Onone";
			};
			name = Debug;
		};
		755F7AA328C315EA0079B688 /* Release */ = {
			isa = XCBuildConfiguration;
			buildSettings = {
				ALWAYS_SEARCH_USER_PATHS = NO;
				CLANG_ANALYZER_NONNULL = YES;
				CLANG_ANALYZER_NUMBER_OBJECT_CONVERSION = YES_AGGRESSIVE;
				CLANG_CXX_LANGUAGE_STANDARD = "gnu++17";
				CLANG_ENABLE_MODULES = YES;
				CLANG_ENABLE_OBJC_ARC = YES;
				CLANG_ENABLE_OBJC_WEAK = YES;
				CLANG_WARN_BLOCK_CAPTURE_AUTORELEASING = YES;
				CLANG_WARN_BOOL_CONVERSION = YES;
				CLANG_WARN_COMMA = YES;
				CLANG_WARN_CONSTANT_CONVERSION = YES;
				CLANG_WARN_DEPRECATED_OBJC_IMPLEMENTATIONS = YES;
				CLANG_WARN_DIRECT_OBJC_ISA_USAGE = YES_ERROR;
				CLANG_WARN_DOCUMENTATION_COMMENTS = YES;
				CLANG_WARN_EMPTY_BODY = YES;
				CLANG_WARN_ENUM_CONVERSION = YES;
				CLANG_WARN_INFINITE_RECURSION = YES;
				CLANG_WARN_INT_CONVERSION = YES;
				CLANG_WARN_NON_LITERAL_NULL_CONVERSION = YES;
				CLANG_WARN_OBJC_IMPLICIT_RETAIN_SELF = YES;
				CLANG_WARN_OBJC_LITERAL_CONVERSION = YES;
				CLANG_WARN_OBJC_ROOT_CLASS = YES_ERROR;
				CLANG_WARN_QUOTED_INCLUDE_IN_FRAMEWORK_HEADER = YES;
				CLANG_WARN_RANGE_LOOP_ANALYSIS = YES;
				CLANG_WARN_STRICT_PROTOTYPES = YES;
				CLANG_WARN_SUSPICIOUS_MOVE = YES;
				CLANG_WARN_UNGUARDED_AVAILABILITY = YES_AGGRESSIVE;
				CLANG_WARN_UNREACHABLE_CODE = YES;
				CLANG_WARN__DUPLICATE_METHOD_MATCH = YES;
				COPY_PHASE_STRIP = NO;
				DEBUG_INFORMATION_FORMAT = "dwarf-with-dsym";
				ENABLE_NS_ASSERTIONS = NO;
				ENABLE_STRICT_OBJC_MSGSEND = YES;
				GCC_C_LANGUAGE_STANDARD = gnu11;
				GCC_NO_COMMON_BLOCKS = YES;
				GCC_WARN_64_TO_32_BIT_CONVERSION = YES;
				GCC_WARN_ABOUT_RETURN_TYPE = YES_ERROR;
				GCC_WARN_UNDECLARED_SELECTOR = YES;
				GCC_WARN_UNINITIALIZED_AUTOS = YES_AGGRESSIVE;
				GCC_WARN_UNUSED_FUNCTION = YES;
				GCC_WARN_UNUSED_VARIABLE = YES;
				IPHONEOS_DEPLOYMENT_TARGET = 15.5;
				MTL_ENABLE_DEBUG_INFO = NO;
				MTL_FAST_MATH = YES;
				SDKROOT = iphoneos;
				SWIFT_COMPILATION_MODE = wholemodule;
				SWIFT_OPTIMIZATION_LEVEL = "-O";
				VALIDATE_PRODUCT = YES;
			};
			name = Release;
		};
		755F7AA528C315EA0079B688 /* Debug */ = {
			isa = XCBuildConfiguration;
			buildSettings = {
				ASSETCATALOG_COMPILER_APPICON_NAME = AppIcon;
				ASSETCATALOG_COMPILER_GLOBAL_ACCENT_COLOR_NAME = AccentColor;
				CODE_SIGN_STYLE = Automatic;
				CURRENT_PROJECT_VERSION = 1;
				DEVELOPMENT_TEAM = 5ZZ45XJRC7;
				GENERATE_INFOPLIST_FILE = YES;
				INFOPLIST_FILE = Mova/Info.plist;
				INFOPLIST_KEY_UIApplicationSupportsIndirectInputEvents = YES;
				INFOPLIST_KEY_UILaunchStoryboardName = LaunchScreen;
				INFOPLIST_KEY_UIMainStoryboardFile = Main;
				INFOPLIST_KEY_UISupportedInterfaceOrientations_iPad = "UIInterfaceOrientationPortrait UIInterfaceOrientationPortraitUpsideDown UIInterfaceOrientationLandscapeLeft UIInterfaceOrientationLandscapeRight";
				INFOPLIST_KEY_UISupportedInterfaceOrientations_iPhone = "UIInterfaceOrientationPortrait UIInterfaceOrientationLandscapeLeft UIInterfaceOrientationLandscapeRight";
				LD_RUNPATH_SEARCH_PATHS = (
					"$(inherited)",
					"@executable_path/Frameworks",
				);
				MARKETING_VERSION = 1.0;
				PRODUCT_BUNDLE_IDENTIFIER = com.myparkplus.Mova;
				PRODUCT_NAME = "$(TARGET_NAME)";
				SWIFT_EMIT_LOC_STRINGS = YES;
				SWIFT_VERSION = 5.0;
				TARGETED_DEVICE_FAMILY = "1,2";
			};
			name = Debug;
		};
		755F7AA628C315EA0079B688 /* Release */ = {
			isa = XCBuildConfiguration;
			buildSettings = {
				ASSETCATALOG_COMPILER_APPICON_NAME = AppIcon;
				ASSETCATALOG_COMPILER_GLOBAL_ACCENT_COLOR_NAME = AccentColor;
				CODE_SIGN_STYLE = Automatic;
				CURRENT_PROJECT_VERSION = 1;
				DEVELOPMENT_TEAM = 5ZZ45XJRC7;
				GENERATE_INFOPLIST_FILE = YES;
				INFOPLIST_FILE = Mova/Info.plist;
				INFOPLIST_KEY_UIApplicationSupportsIndirectInputEvents = YES;
				INFOPLIST_KEY_UILaunchStoryboardName = LaunchScreen;
				INFOPLIST_KEY_UIMainStoryboardFile = Main;
				INFOPLIST_KEY_UISupportedInterfaceOrientations_iPad = "UIInterfaceOrientationPortrait UIInterfaceOrientationPortraitUpsideDown UIInterfaceOrientationLandscapeLeft UIInterfaceOrientationLandscapeRight";
				INFOPLIST_KEY_UISupportedInterfaceOrientations_iPhone = "UIInterfaceOrientationPortrait UIInterfaceOrientationLandscapeLeft UIInterfaceOrientationLandscapeRight";
				LD_RUNPATH_SEARCH_PATHS = (
					"$(inherited)",
					"@executable_path/Frameworks",
				);
				MARKETING_VERSION = 1.0;
				PRODUCT_BUNDLE_IDENTIFIER = com.myparkplus.Mova;
				PRODUCT_NAME = "$(TARGET_NAME)";
				SWIFT_EMIT_LOC_STRINGS = YES;
				SWIFT_VERSION = 5.0;
				TARGETED_DEVICE_FAMILY = "1,2";
			};
			name = Release;
		};
		755F7AA828C315EA0079B688 /* Debug */ = {
			isa = XCBuildConfiguration;
			buildSettings = {
				ALWAYS_EMBED_SWIFT_STANDARD_LIBRARIES = YES;
				BUNDLE_LOADER = "$(TEST_HOST)";
				CODE_SIGN_STYLE = Automatic;
				CURRENT_PROJECT_VERSION = 1;
				DEVELOPMENT_TEAM = 5ZZ45XJRC7;
				GENERATE_INFOPLIST_FILE = YES;
				IPHONEOS_DEPLOYMENT_TARGET = 15.5;
				MARKETING_VERSION = 1.0;
				PRODUCT_BUNDLE_IDENTIFIER = com.myparkplus.MovaTests;
				PRODUCT_NAME = "$(TARGET_NAME)";
				SWIFT_EMIT_LOC_STRINGS = NO;
				SWIFT_VERSION = 5.0;
				TARGETED_DEVICE_FAMILY = "1,2";
				TEST_HOST = "$(BUILT_PRODUCTS_DIR)/Mova.app/Mova";
			};
			name = Debug;
		};
		755F7AA928C315EA0079B688 /* Release */ = {
			isa = XCBuildConfiguration;
			buildSettings = {
				ALWAYS_EMBED_SWIFT_STANDARD_LIBRARIES = YES;
				BUNDLE_LOADER = "$(TEST_HOST)";
				CODE_SIGN_STYLE = Automatic;
				CURRENT_PROJECT_VERSION = 1;
				DEVELOPMENT_TEAM = 5ZZ45XJRC7;
				GENERATE_INFOPLIST_FILE = YES;
				IPHONEOS_DEPLOYMENT_TARGET = 15.5;
				MARKETING_VERSION = 1.0;
				PRODUCT_BUNDLE_IDENTIFIER = com.myparkplus.MovaTests;
				PRODUCT_NAME = "$(TARGET_NAME)";
				SWIFT_EMIT_LOC_STRINGS = NO;
				SWIFT_VERSION = 5.0;
				TARGETED_DEVICE_FAMILY = "1,2";
				TEST_HOST = "$(BUILT_PRODUCTS_DIR)/Mova.app/Mova";
			};
			name = Release;
		};
		755F7AAB28C315EA0079B688 /* Debug */ = {
			isa = XCBuildConfiguration;
			buildSettings = {
				ALWAYS_EMBED_SWIFT_STANDARD_LIBRARIES = YES;
				CODE_SIGN_STYLE = Automatic;
				CURRENT_PROJECT_VERSION = 1;
				DEVELOPMENT_TEAM = 5ZZ45XJRC7;
				GENERATE_INFOPLIST_FILE = YES;
				MARKETING_VERSION = 1.0;
				PRODUCT_BUNDLE_IDENTIFIER = com.myparkplus.MovaUITests;
				PRODUCT_NAME = "$(TARGET_NAME)";
				SWIFT_EMIT_LOC_STRINGS = NO;
				SWIFT_VERSION = 5.0;
				TARGETED_DEVICE_FAMILY = "1,2";
				TEST_TARGET_NAME = Mova;
			};
			name = Debug;
		};
		755F7AAC28C315EA0079B688 /* Release */ = {
			isa = XCBuildConfiguration;
			buildSettings = {
				ALWAYS_EMBED_SWIFT_STANDARD_LIBRARIES = YES;
				CODE_SIGN_STYLE = Automatic;
				CURRENT_PROJECT_VERSION = 1;
				DEVELOPMENT_TEAM = 5ZZ45XJRC7;
				GENERATE_INFOPLIST_FILE = YES;
				MARKETING_VERSION = 1.0;
				PRODUCT_BUNDLE_IDENTIFIER = com.myparkplus.MovaUITests;
				PRODUCT_NAME = "$(TARGET_NAME)";
				SWIFT_EMIT_LOC_STRINGS = NO;
				SWIFT_VERSION = 5.0;
				TARGETED_DEVICE_FAMILY = "1,2";
				TEST_TARGET_NAME = Mova;
			};
			name = Release;
		};
/* End XCBuildConfiguration section */

/* Begin XCConfigurationList section */
		755F7A7528C315E70079B688 /* Build configuration list for PBXProject "Mova" */ = {
			isa = XCConfigurationList;
			buildConfigurations = (
				755F7AA228C315EA0079B688 /* Debug */,
				755F7AA328C315EA0079B688 /* Release */,
			);
			defaultConfigurationIsVisible = 0;
			defaultConfigurationName = Release;
		};
		755F7AA428C315EA0079B688 /* Build configuration list for PBXNativeTarget "Mova" */ = {
			isa = XCConfigurationList;
			buildConfigurations = (
				755F7AA528C315EA0079B688 /* Debug */,
				755F7AA628C315EA0079B688 /* Release */,
			);
			defaultConfigurationIsVisible = 0;
			defaultConfigurationName = Release;
		};
		755F7AA728C315EA0079B688 /* Build configuration list for PBXNativeTarget "MovaTests" */ = {
			isa = XCConfigurationList;
			buildConfigurations = (
				755F7AA828C315EA0079B688 /* Debug */,
				755F7AA928C315EA0079B688 /* Release */,
			);
			defaultConfigurationIsVisible = 0;
			defaultConfigurationName = Release;
		};
		755F7AAA28C315EA0079B688 /* Build configuration list for PBXNativeTarget "MovaUITests" */ = {
			isa = XCConfigurationList;
			buildConfigurations = (
				755F7AAB28C315EA0079B688 /* Debug */,
				755F7AAC28C315EA0079B688 /* Release */,
			);
			defaultConfigurationIsVisible = 0;
			defaultConfigurationName = Release;
		};
/* End XCConfigurationList section */
	};
	rootObject = 755F7A7228C315E70079B688 /* Project object */;
}
